// !$*UTF8*$!
{
	archiveVersion = 1;
	classes = {
	};
	objectVersion = 55;
	objects = {

/* Begin PBXBuildFile section */
		83627D8728F9C62900D3702F /* AppDelegate.swift in Sources */ = {isa = PBXBuildFile; fileRef = 83627D8628F9C62900D3702F /* AppDelegate.swift */; };
		83627D8928F9C62900D3702F /* SceneDelegate.swift in Sources */ = {isa = PBXBuildFile; fileRef = 83627D8828F9C62900D3702F /* SceneDelegate.swift */; };
		83627D8B28F9C62900D3702F /* ViewController.swift in Sources */ = {isa = PBXBuildFile; fileRef = 83627D8A28F9C62900D3702F /* ViewController.swift */; };
		83627D8E28F9C62900D3702F /* Main.storyboard in Resources */ = {isa = PBXBuildFile; fileRef = 83627D8C28F9C62900D3702F /* Main.storyboard */; };
		83627D9028F9C62D00D3702F /* Assets.xcassets in Resources */ = {isa = PBXBuildFile; fileRef = 83627D8F28F9C62D00D3702F /* Assets.xcassets */; };
		83627D9328F9C62D00D3702F /* LaunchScreen.storyboard in Resources */ = {isa = PBXBuildFile; fileRef = 83627D9128F9C62D00D3702F /* LaunchScreen.storyboard */; };
		83627D9B28F9C64A00D3702F /* ConverterService.swift in Sources */ = {isa = PBXBuildFile; fileRef = 83627D9A28F9C64A00D3702F /* ConverterService.swift */; };
		83627DA328F9D0C000D3702F /* NumberSystemConverterTests.swift in Sources */ = {isa = PBXBuildFile; fileRef = 83627DA228F9D0C000D3702F /* NumberSystemConverterTests.swift */; };
/* End PBXBuildFile section */

/* Begin PBXContainerItemProxy section */
		83627DA428F9D0C000D3702F /* PBXContainerItemProxy */ = {
			isa = PBXContainerItemProxy;
			containerPortal = 83627D7B28F9C62900D3702F /* Project object */;
			proxyType = 1;
			remoteGlobalIDString = 83627D8228F9C62900D3702F;
			remoteInfo = NumberSystemConverter;
		};
/* End PBXContainerItemProxy section */

/* Begin PBXFileReference section */
		83627D8328F9C62900D3702F /* NumberSystemConverter.app */ = {isa = PBXFileReference; explicitFileType = wrapper.application; includeInIndex = 0; path = NumberSystemConverter.app; sourceTree = BUILT_PRODUCTS_DIR; };
		83627D8628F9C62900D3702F /* AppDelegate.swift */ = {isa = PBXFileReference; lastKnownFileType = sourcecode.swift; path = AppDelegate.swift; sourceTree = "<group>"; };
		83627D8828F9C62900D3702F /* SceneDelegate.swift */ = {isa = PBXFileReference; lastKnownFileType = sourcecode.swift; path = SceneDelegate.swift; sourceTree = "<group>"; };
		83627D8A28F9C62900D3702F /* ViewController.swift */ = {isa = PBXFileReference; lastKnownFileType = sourcecode.swift; path = ViewController.swift; sourceTree = "<group>"; };
		83627D8D28F9C62900D3702F /* Base */ = {isa = PBXFileReference; lastKnownFileType = file.storyboard; name = Base; path = Base.lproj/Main.storyboard; sourceTree = "<group>"; };
		83627D8F28F9C62D00D3702F /* Assets.xcassets */ = {isa = PBXFileReference; lastKnownFileType = folder.assetcatalog; path = Assets.xcassets; sourceTree = "<group>"; };
		83627D9228F9C62D00D3702F /* Base */ = {isa = PBXFileReference; lastKnownFileType = file.storyboard; name = Base; path = Base.lproj/LaunchScreen.storyboard; sourceTree = "<group>"; };
		83627D9428F9C62D00D3702F /* Info.plist */ = {isa = PBXFileReference; lastKnownFileType = text.plist.xml; path = Info.plist; sourceTree = "<group>"; };
		83627D9A28F9C64A00D3702F /* ConverterService.swift */ = {isa = PBXFileReference; lastKnownFileType = sourcecode.swift; path = ConverterService.swift; sourceTree = "<group>"; };
		83627DA028F9D0C000D3702F /* NumberSystemConverterTests.xctest */ = {isa = PBXFileReference; explicitFileType = wrapper.cfbundle; includeInIndex = 0; path = NumberSystemConverterTests.xctest; sourceTree = BUILT_PRODUCTS_DIR; };
		83627DA228F9D0C000D3702F /* NumberSystemConverterTests.swift */ = {isa = PBXFileReference; lastKnownFileType = sourcecode.swift; path = NumberSystemConverterTests.swift; sourceTree = "<group>"; };
/* End PBXFileReference section */

/* Begin PBXFrameworksBuildPhase section */
		83627D8028F9C62900D3702F /* Frameworks */ = {
			isa = PBXFrameworksBuildPhase;
			buildActionMask = 2147483647;
			files = (
			);
			runOnlyForDeploymentPostprocessing = 0;
		};
		83627D9D28F9D0C000D3702F /* Frameworks */ = {
			isa = PBXFrameworksBuildPhase;
			buildActionMask = 2147483647;
			files = (
			);
			runOnlyForDeploymentPostprocessing = 0;
		};
/* End PBXFrameworksBuildPhase section */

/* Begin PBXGroup section */
		83627D7A28F9C62900D3702F = {
			isa = PBXGroup;
			children = (
				83627D8528F9C62900D3702F /* NumberSystemConverter */,
				83627DA128F9D0C000D3702F /* NumberSystemConverterTests */,
				83627D8428F9C62900D3702F /* Products */,
			);
			sourceTree = "<group>";
		};
		83627D8428F9C62900D3702F /* Products */ = {
			isa = PBXGroup;
			children = (
				83627D8328F9C62900D3702F /* NumberSystemConverter.app */,
				83627DA028F9D0C000D3702F /* NumberSystemConverterTests.xctest */,
			);
			name = Products;
			sourceTree = "<group>";
		};
		83627D8528F9C62900D3702F /* NumberSystemConverter */ = {
			isa = PBXGroup;
			children = (
				83627D8628F9C62900D3702F /* AppDelegate.swift */,
				83627D8828F9C62900D3702F /* SceneDelegate.swift */,
				83627D8A28F9C62900D3702F /* ViewController.swift */,
				83627D9A28F9C64A00D3702F /* ConverterService.swift */,
				83627D8C28F9C62900D3702F /* Main.storyboard */,
				83627D8F28F9C62D00D3702F /* Assets.xcassets */,
				83627D9128F9C62D00D3702F /* LaunchScreen.storyboard */,
				83627D9428F9C62D00D3702F /* Info.plist */,
			);
			path = NumberSystemConverter;
			sourceTree = "<group>";
		};
		83627DA128F9D0C000D3702F /* NumberSystemConverterTests */ = {
			isa = PBXGroup;
			children = (
				83627DA228F9D0C000D3702F /* NumberSystemConverterTests.swift */,
			);
			path = NumberSystemConverterTests;
			sourceTree = "<group>";
		};
/* End PBXGroup section */

/* Begin PBXNativeTarget section */
		83627D8228F9C62900D3702F /* NumberSystemConverter */ = {
			isa = PBXNativeTarget;
			buildConfigurationList = 83627D9728F9C62D00D3702F /* Build configuration list for PBXNativeTarget "NumberSystemConverter" */;
			buildPhases = (
				83627D7F28F9C62900D3702F /* Sources */,
				83627D8028F9C62900D3702F /* Frameworks */,
				83627D8128F9C62900D3702F /* Resources */,
			);
			buildRules = (
			);
			dependencies = (
			);
			name = NumberSystemConverter;
			productName = NumberSystemConverter;
			productReference = 83627D8328F9C62900D3702F /* NumberSystemConverter.app */;
			productType = "com.apple.product-type.application";
		};
		83627D9F28F9D0C000D3702F /* NumberSystemConverterTests */ = {
			isa = PBXNativeTarget;
			buildConfigurationList = 83627DA628F9D0C000D3702F /* Build configuration list for PBXNativeTarget "NumberSystemConverterTests" */;
			buildPhases = (
				83627D9C28F9D0C000D3702F /* Sources */,
				83627D9D28F9D0C000D3702F /* Frameworks */,
				83627D9E28F9D0C000D3702F /* Resources */,
			);
			buildRules = (
			);
			dependencies = (
				83627DA528F9D0C000D3702F /* PBXTargetDependency */,
			);
			name = NumberSystemConverterTests;
			productName = NumberSystemConverterTests;
			productReference = 83627DA028F9D0C000D3702F /* NumberSystemConverterTests.xctest */;
			productType = "com.apple.product-type.bundle.unit-test";
		};
/* End PBXNativeTarget section */

/* Begin PBXProject section */
		83627D7B28F9C62900D3702F /* Project object */ = {
			isa = PBXProject;
			attributes = {
				BuildIndependentTargetsInParallel = 1;
				LastSwiftUpdateCheck = 1330;
				LastUpgradeCheck = 1330;
				TargetAttributes = {
					83627D8228F9C62900D3702F = {
						CreatedOnToolsVersion = 13.3;
					};
					83627D9F28F9D0C000D3702F = {
						CreatedOnToolsVersion = 13.3;
						TestTargetID = 83627D8228F9C62900D3702F;
					};
				};
			};
			buildConfigurationList = 83627D7E28F9C62900D3702F /* Build configuration list for PBXProject "NumberSystemConverter" */;
			compatibilityVersion = "Xcode 13.0";
			developmentRegion = en;
			hasScannedForEncodings = 0;
			knownRegions = (
				en,
				Base,
			);
			mainGroup = 83627D7A28F9C62900D3702F;
			productRefGroup = 83627D8428F9C62900D3702F /* Products */;
			projectDirPath = "";
			projectRoot = "";
			targets = (
				83627D8228F9C62900D3702F /* NumberSystemConverter */,
				83627D9F28F9D0C000D3702F /* NumberSystemConverterTests */,
			);
		};
/* End PBXProject section */

/* Begin PBXResourcesBuildPhase section */
		83627D8128F9C62900D3702F /* Resources */ = {
			isa = PBXResourcesBuildPhase;
			buildActionMask = 2147483647;
			files = (
				83627D9328F9C62D00D3702F /* LaunchScreen.storyboard in Resources */,
				83627D9028F9C62D00D3702F /* Assets.xcassets in Resources */,
				83627D8E28F9C62900D3702F /* Main.storyboard in Resources */,
			);
			runOnlyForDeploymentPostprocessing = 0;
		};
		83627D9E28F9D0C000D3702F /* Resources */ = {
			isa = PBXResourcesBuildPhase;
			buildActionMask = 2147483647;
			files = (
			);
			runOnlyForDeploymentPostprocessing = 0;
		};
/* End PBXResourcesBuildPhase section */

/* Begin PBXSourcesBuildPhase section */
		83627D7F28F9C62900D3702F /* Sources */ = {
			isa = PBXSourcesBuildPhase;
			buildActionMask = 2147483647;
			files = (
				83627D8B28F9C62900D3702F /* ViewController.swift in Sources */,
				83627D8728F9C62900D3702F /* AppDelegate.swift in Sources */,
				83627D9B28F9C64A00D3702F /* ConverterService.swift in Sources */,
				83627D8928F9C62900D3702F /* SceneDelegate.swift in Sources */,
			);
			runOnlyForDeploymentPostprocessing = 0;
		};
		83627D9C28F9D0C000D3702F /* Sources */ = {
			isa = PBXSourcesBuildPhase;
			buildActionMask = 2147483647;
			files = (
				83627DA328F9D0C000D3702F /* NumberSystemConverterTests.swift in Sources */,
			);
			runOnlyForDeploymentPostprocessing = 0;
		};
/* End PBXSourcesBuildPhase section */

/* Begin PBXTargetDependency section */
		83627DA528F9D0C000D3702F /* PBXTargetDependency */ = {
			isa = PBXTargetDependency;
			target = 83627D8228F9C62900D3702F /* NumberSystemConverter */;
			targetProxy = 83627DA428F9D0C000D3702F /* PBXContainerItemProxy */;
		};
/* End PBXTargetDependency section */

/* Begin PBXVariantGroup section */
		83627D8C28F9C62900D3702F /* Main.storyboard */ = {
			isa = PBXVariantGroup;
			children = (
				83627D8D28F9C62900D3702F /* Base */,
			);
			name = Main.storyboard;
			sourceTree = "<group>";
		};
		83627D9128F9C62D00D3702F /* LaunchScreen.storyboard */ = {
			isa = PBXVariantGroup;
			children = (
				83627D9228F9C62D00D3702F /* Base */,
			);
			name = LaunchScreen.storyboard;
			sourceTree = "<group>";
		};
/* End PBXVariantGroup section */

/* Begin XCBuildConfiguration section */
		83627D9528F9C62D00D3702F /* Debug */ = {
			isa = XCBuildConfiguration;
			buildSettings = {
				ALWAYS_SEARCH_USER_PATHS = NO;
				CLANG_ANALYZER_NONNULL = YES;
				CLANG_ANALYZER_NUMBER_OBJECT_CONVERSION = YES_AGGRESSIVE;
				CLANG_CXX_LANGUAGE_STANDARD = "gnu++17";
				CLANG_ENABLE_MODULES = YES;
				CLANG_ENABLE_OBJC_ARC = YES;
				CLANG_ENABLE_OBJC_WEAK = YES;
				CLANG_WARN_BLOCK_CAPTURE_AUTORELEASING = YES;
				CLANG_WARN_BOOL_CONVERSION = YES;
				CLANG_WARN_COMMA = YES;
				CLANG_WARN_CONSTANT_CONVERSION = YES;
				CLANG_WARN_DEPRECATED_OBJC_IMPLEMENTATIONS = YES;
				CLANG_WARN_DIRECT_OBJC_ISA_USAGE = YES_ERROR;
				CLANG_WARN_DOCUMENTATION_COMMENTS = YES;
				CLANG_WARN_EMPTY_BODY = YES;
				CLANG_WARN_ENUM_CONVERSION = YES;
				CLANG_WARN_INFINITE_RECURSION = YES;
				CLANG_WARN_INT_CONVERSION = YES;
				CLANG_WARN_NON_LITERAL_NULL_CONVERSION = YES;
				CLANG_WARN_OBJC_IMPLICIT_RETAIN_SELF = YES;
				CLANG_WARN_OBJC_LITERAL_CONVERSION = YES;
				CLANG_WARN_OBJC_ROOT_CLASS = YES_ERROR;
				CLANG_WARN_QUOTED_INCLUDE_IN_FRAMEWORK_HEADER = YES;
				CLANG_WARN_RANGE_LOOP_ANALYSIS = YES;
				CLANG_WARN_STRICT_PROTOTYPES = YES;
				CLANG_WARN_SUSPICIOUS_MOVE = YES;
				CLANG_WARN_UNGUARDED_AVAILABILITY = YES_AGGRESSIVE;
				CLANG_WARN_UNREACHABLE_CODE = YES;
				CLANG_WARN__DUPLICATE_METHOD_MATCH = YES;
				COPY_PHASE_STRIP = NO;
				DEBUG_INFORMATION_FORMAT = dwarf;
				ENABLE_STRICT_OBJC_MSGSEND = YES;
				ENABLE_TESTABILITY = YES;
				GCC_C_LANGUAGE_STANDARD = gnu11;
				GCC_DYNAMIC_NO_PIC = NO;
				GCC_NO_COMMON_BLOCKS = YES;
				GCC_OPTIMIZATION_LEVEL = 0;
				GCC_PREPROCESSOR_DEFINITIONS = (
					"DEBUG=1",
					"$(inherited)",
				);
				GCC_WARN_64_TO_32_BIT_CONVERSION = YES;
				GCC_WARN_ABOUT_RETURN_TYPE = YES_ERROR;
				GCC_WARN_UNDECLARED_SELECTOR = YES;
				GCC_WARN_UNINITIALIZED_AUTOS = YES_AGGRESSIVE;
				GCC_WARN_UNUSED_FUNCTION = YES;
				GCC_WARN_UNUSED_VARIABLE = YES;
				IPHONEOS_DEPLOYMENT_TARGET = 15.4;
				MTL_ENABLE_DEBUG_INFO = INCLUDE_SOURCE;
				MTL_FAST_MATH = YES;
				ONLY_ACTIVE_ARCH = YES;
				SDKROOT = iphoneos;
				SWIFT_ACTIVE_COMPILATION_CONDITIONS = DEBUG;
				SWIFT_OPTIMIZATION_LEVEL = "-Onone";
			};
			name = Debug;
		};
		83627D9628F9C62D00D3702F /* Release */ = {
			isa = XCBuildConfiguration;
			buildSettings = {
				ALWAYS_SEARCH_USER_PATHS = NO;
				CLANG_ANALYZER_NONNULL = YES;
				CLANG_ANALYZER_NUMBER_OBJECT_CONVERSION = YES_AGGRESSIVE;
				CLANG_CXX_LANGUAGE_STANDARD = "gnu++17";
				CLANG_ENABLE_MODULES = YES;
				CLANG_ENABLE_OBJC_ARC = YES;
				CLANG_ENABLE_OBJC_WEAK = YES;
				CLANG_WARN_BLOCK_CAPTURE_AUTORELEASING = YES;
				CLANG_WARN_BOOL_CONVERSION = YES;
				CLANG_WARN_COMMA = YES;
				CLANG_WARN_CONSTANT_CONVERSION = YES;
				CLANG_WARN_DEPRECATED_OBJC_IMPLEMENTATIONS = YES;
				CLANG_WARN_DIRECT_OBJC_ISA_USAGE = YES_ERROR;
				CLANG_WARN_DOCUMENTATION_COMMENTS = YES;
				CLANG_WARN_EMPTY_BODY = YES;
				CLANG_WARN_ENUM_CONVERSION = YES;
				CLANG_WARN_INFINITE_RECURSION = YES;
				CLANG_WARN_INT_CONVERSION = YES;
				CLANG_WARN_NON_LITERAL_NULL_CONVERSION = YES;
				CLANG_WARN_OBJC_IMPLICIT_RETAIN_SELF = YES;
				CLANG_WARN_OBJC_LITERAL_CONVERSION = YES;
				CLANG_WARN_OBJC_ROOT_CLASS = YES_ERROR;
				CLANG_WARN_QUOTED_INCLUDE_IN_FRAMEWORK_HEADER = YES;
				CLANG_WARN_RANGE_LOOP_ANALYSIS = YES;
				CLANG_WARN_STRICT_PROTOTYPES = YES;
				CLANG_WARN_SUSPICIOUS_MOVE = YES;
				CLANG_WARN_UNGUARDED_AVAILABILITY = YES_AGGRESSIVE;
				CLANG_WARN_UNREACHABLE_CODE = YES;
				CLANG_WARN__DUPLICATE_METHOD_MATCH = YES;
				COPY_PHASE_STRIP = NO;
				DEBUG_INFORMATION_FORMAT = "dwarf-with-dsym";
				ENABLE_NS_ASSERTIONS = NO;
				ENABLE_STRICT_OBJC_MSGSEND = YES;
				GCC_C_LANGUAGE_STANDARD = gnu11;
				GCC_NO_COMMON_BLOCKS = YES;
				GCC_WARN_64_TO_32_BIT_CONVERSION = YES;
				GCC_WARN_ABOUT_RETURN_TYPE = YES_ERROR;
				GCC_WARN_UNDECLARED_SELECTOR = YES;
				GCC_WARN_UNINITIALIZED_AUTOS = YES_AGGRESSIVE;
				GCC_WARN_UNUSED_FUNCTION = YES;
				GCC_WARN_UNUSED_VARIABLE = YES;
				IPHONEOS_DEPLOYMENT_TARGET = 15.4;
				MTL_ENABLE_DEBUG_INFO = NO;
				MTL_FAST_MATH = YES;
				SDKROOT = iphoneos;
				SWIFT_COMPILATION_MODE = wholemodule;
				SWIFT_OPTIMIZATION_LEVEL = "-O";
				VALIDATE_PRODUCT = YES;
			};
			name = Release;
		};
		83627D9828F9C62D00D3702F /* Debug */ = {
			isa = XCBuildConfiguration;
			buildSettings = {
				ASSETCATALOG_COMPILER_APPICON_NAME = AppIcon;
				ASSETCATALOG_COMPILER_GLOBAL_ACCENT_COLOR_NAME = AccentColor;
				CODE_SIGN_STYLE = Automatic;
				CURRENT_PROJECT_VERSION = 1;
				DEVELOPMENT_TEAM = DK8A94C3H5;
				GENERATE_INFOPLIST_FILE = YES;
				INFOPLIST_FILE = NumberSystemConverter/Info.plist;
				INFOPLIST_KEY_UIApplicationSupportsIndirectInputEvents = YES;
				INFOPLIST_KEY_UILaunchStoryboardName = LaunchScreen;
				INFOPLIST_KEY_UIMainStoryboardFile = Main;
				INFOPLIST_KEY_UISupportedInterfaceOrientations_iPad = "UIInterfaceOrientationPortrait UIInterfaceOrientationPortraitUpsideDown UIInterfaceOrientationLandscapeLeft UIInterfaceOrientationLandscapeRight";
				INFOPLIST_KEY_UISupportedInterfaceOrientations_iPhone = "UIInterfaceOrientationPortrait UIInterfaceOrientationLandscapeLeft UIInterfaceOrientationLandscapeRight";
				LD_RUNPATH_SEARCH_PATHS = (
					"$(inherited)",
					"@executable_path/Frameworks",
				);
				MARKETING_VERSION = 1.0;
				PRODUCT_BUNDLE_IDENTIFIER = com.company.NumberSystemConverter;
				PRODUCT_NAME = "$(TARGET_NAME)";
				SWIFT_EMIT_LOC_STRINGS = YES;
				SWIFT_VERSION = 5.0;
				TARGETED_DEVICE_FAMILY = "1,2";
			};
			name = Debug;
		};
		83627D9928F9C62D00D3702F /* Release */ = {
			isa = XCBuildConfiguration;
			buildSettings = {
				ASSETCATALOG_COMPILER_APPICON_NAME = AppIcon;
				ASSETCATALOG_COMPILER_GLOBAL_ACCENT_COLOR_NAME = AccentColor;
				CODE_SIGN_STYLE = Automatic;
				CURRENT_PROJECT_VERSION = 1;
				DEVELOPMENT_TEAM = DK8A94C3H5;
				GENERATE_INFOPLIST_FILE = YES;
				INFOPLIST_FILE = NumberSystemConverter/Info.plist;
				INFOPLIST_KEY_UIApplicationSupportsIndirectInputEvents = YES;
				INFOPLIST_KEY_UILaunchStoryboardName = LaunchScreen;
				INFOPLIST_KEY_UIMainStoryboardFile = Main;
				INFOPLIST_KEY_UISupportedInterfaceOrientations_iPad = "UIInterfaceOrientationPortrait UIInterfaceOrientationPortraitUpsideDown UIInterfaceOrientationLandscapeLeft UIInterfaceOrientationLandscapeRight";
				INFOPLIST_KEY_UISupportedInterfaceOrientations_iPhone = "UIInterfaceOrientationPortrait UIInterfaceOrientationLandscapeLeft UIInterfaceOrientationLandscapeRight";
				LD_RUNPATH_SEARCH_PATHS = (
					"$(inherited)",
					"@executable_path/Frameworks",
				);
				MARKETING_VERSION = 1.0;
				PRODUCT_BUNDLE_IDENTIFIER = com.company.NumberSystemConverter;
				PRODUCT_NAME = "$(TARGET_NAME)";
				SWIFT_EMIT_LOC_STRINGS = YES;
				SWIFT_VERSION = 5.0;
				TARGETED_DEVICE_FAMILY = "1,2";
			};
			name = Release;
		};
		83627DA728F9D0C000D3702F /* Debug */ = {
			isa = XCBuildConfiguration;
			buildSettings = {
				BUNDLE_LOADER = "$(TEST_HOST)";
				CODE_SIGN_STYLE = Automatic;
				CURRENT_PROJECT_VERSION = 1;
				DEVELOPMENT_TEAM = DK8A94C3H5;
				GENERATE_INFOPLIST_FILE = YES;
				MARKETING_VERSION = 1.0;
				PRODUCT_BUNDLE_IDENTIFIER = com.company.NumberSystemConverterTests;
				PRODUCT_NAME = "$(TARGET_NAME)";
				SWIFT_EMIT_LOC_STRINGS = NO;
				SWIFT_VERSION = 5.0;
				TARGETED_DEVICE_FAMILY = "1,2";
				TEST_HOST = "$(BUILT_PRODUCTS_DIR)/NumberSystemConverter.app/NumberSystemConverter";
			};
			name = Debug;
		};
		83627DA828F9D0C000D3702F /* Release */ = {
			isa = XCBuildConfiguration;
			buildSettings = {
				BUNDLE_LOADER = "$(TEST_HOST)";
				CODE_SIGN_STYLE = Automatic;
				CURRENT_PROJECT_VERSION = 1;
				DEVELOPMENT_TEAM = DK8A94C3H5;
				GENERATE_INFOPLIST_FILE = YES;
				MARKETING_VERSION = 1.0;
				PRODUCT_BUNDLE_IDENTIFIER = com.company.NumberSystemConverterTests;
				PRODUCT_NAME = "$(TARGET_NAME)";
				SWIFT_EMIT_LOC_STRINGS = NO;
				SWIFT_VERSION = 5.0;
				TARGETED_DEVICE_FAMILY = "1,2";
				TEST_HOST = "$(BUILT_PRODUCTS_DIR)/NumberSystemConverter.app/NumberSystemConverter";
			};
			name = Release;
		};
/* End XCBuildConfiguration section */

/* Begin XCConfigurationList section */
		83627D7E28F9C62900D3702F /* Build configuration list for PBXProject "NumberSystemConverter" */ = {
			isa = XCConfigurationList;
			buildConfigurations = (
				83627D9528F9C62D00D3702F /* Debug */,
				83627D9628F9C62D00D3702F /* Release */,
			);
			defaultConfigurationIsVisible = 0;
			defaultConfigurationName = Release;
		};
		83627D9728F9C62D00D3702F /* Build configuration list for PBXNativeTarget "NumberSystemConverter" */ = {
			isa = XCConfigurationList;
			buildConfigurations = (
				83627D9828F9C62D00D3702F /* Debug */,
				83627D9928F9C62D00D3702F /* Release */,
			);
			defaultConfigurationIsVisible = 0;
			defaultConfigurationName = Release;
		};
		83627DA628F9D0C000D3702F /* Build configuration list for PBXNativeTarget "NumberSystemConverterTests" */ = {
			isa = XCConfigurationList;
			buildConfigurations = (
				83627DA728F9D0C000D3702F /* Debug */,
				83627DA828F9D0C000D3702F /* Release */,
			);
			defaultConfigurationIsVisible = 0;
			defaultConfigurationName = Release;
		};
/* End XCConfigurationList section */
	};
	rootObject = 83627D7B28F9C62900D3702F /* Project object */;
}
